
Microsoft Visual Studio Solution File, Format Version 12.00
# Visual Studio Version 16
VisualStudioVersion = 16.0.30907.101
MinimumVisualStudioVersion = 10.0.40219.1
Project("{2150E333-8FDC-42A3-9474-1A3956D46DE8}") = "CSharpFeatures", "CSharpFeatures", "{D9C6593F-105F-4821-99FF-88C26A77CAFA}"
EndProject
Project("{2150E333-8FDC-42A3-9474-1A3956D46DE8}") = "DependenciesInjection", "DependenciesInjection", "{EEC2F55C-6348-467C-9FD9-5E436D0CFE1E}"
EndProject
Project("{2150E333-8FDC-42A3-9474-1A3956D46DE8}") = "DesignPatterns", "DesignPatterns", "{E43CF001-FCD7-4217-B791-3C75C666E91E}"
EndProject
Project("{2150E333-8FDC-42A3-9474-1A3956D46DE8}") = "EntityFramework", "EntityFramework", "{0405B149-D608-45E4-8588-738A50189013}"
EndProject
Project("{2150E333-8FDC-42A3-9474-1A3956D46DE8}") = "Asp", "Asp", "{834C6A39-05E2-45FC-8934-64944585BE20}"
EndProject
Project("{2150E333-8FDC-42A3-9474-1A3956D46DE8}") = "Api", "Api", "{D431682A-4E02-4234-A4DE-D3C6D784FB72}"
EndProject
Project("{2150E333-8FDC-42A3-9474-1A3956D46DE8}") = "Blazor", "Blazor", "{15C24673-C2D5-483E-98F3-FC427F955A3A}"
EndProject
Project("{9A19103F-16F7-4668-BE54-9A1E7A4F7556}") = "SOLIDprinciples", "SOLIDprinciples\SOLIDprinciples.csproj", "{4345B2B9-9D7A-4D41-869B-E0531DDB5774}"
EndProject
Project("{9A19103F-16F7-4668-BE54-9A1E7A4F7556}") = "SimpleApi", "SimpleApi\SimpleApi.csproj", "{8E858DA5-F9EE-421F-AB46-21D839AC5169}"
EndProject
Project("{9A19103F-16F7-4668-BE54-9A1E7A4F7556}") = "StructuralPatterns", "StructuralPatterns\StructuralPatterns.csproj", "{880C3246-9712-4204-BD2F-8A7BDA3A38FB}"
EndProject
Project("{9A19103F-16F7-4668-BE54-9A1E7A4F7556}") = "BehavioralPatterns", "BehavioralPatterns\BehavioralPatterns.csproj", "{43A97247-A946-4A2D-AA7C-2400156C33A5}"
EndProject
Project("{9A19103F-16F7-4668-BE54-9A1E7A4F7556}") = "CreationalPatterns", "CreationalPatterns\CreationalPatterns.csproj", "{74922CBE-8113-457F-8DF5-CDFEE439B0FC}"
EndProject
Project("{9A19103F-16F7-4668-BE54-9A1E7A4F7556}") = "BehavioralFeatures", "BehavioralFeatures\BehavioralFeatures.csproj", "{8D2EBCAE-CB77-455C-9096-6D79E02D461D}"
EndProject
Project("{9A19103F-16F7-4668-BE54-9A1E7A4F7556}") = "StructuralFeatures", "StructuralFeatures\StructuralFeatures.csproj", "{C9EA04AB-C201-4B05-98DA-E8C4D86511F6}"
EndProject
Project("{9A19103F-16F7-4668-BE54-9A1E7A4F7556}") = "AutoFacPatterns", "AutoFacPatterns\AutoFacPatterns.csproj", "{A39827C8-7BAF-410B-BD3B-D0C977F55BBE}"
EndProject
Project("{9A19103F-16F7-4668-BE54-9A1E7A4F7556}") = "ExtentionMethods", "ExtentionMethods\ExtentionMethods.csproj", "{7577D34A-D39E-4513-9D33-A36FDFDFDB60}"
EndProject
Project("{9A19103F-16F7-4668-BE54-9A1E7A4F7556}") = "HostedServicies", "HostedServicies\HostedServicies.csproj", "{E83FDAA6-C8E9-4A1F-A58E-CEC963CFEA90}"
EndProject
Project("{9A19103F-16F7-4668-BE54-9A1E7A4F7556}") = "EFCore", "EFCore\EFCore.csproj", "{BC9D20C0-4E8C-4F31-8AF3-B77435D29D75}"
EndProject
Project("{9A19103F-16F7-4668-BE54-9A1E7A4F7556}") = "JwtBearerApiAuthorization", "JwtBearerApiAuthorization\JwtBearerApiAuthorization.csproj", "{A0CBAE3B-F973-4720-9D43-3BB75C52EED2}"
EndProject
Global
	GlobalSection(SolutionConfigurationPlatforms) = preSolution
		Debug|Any CPU = Debug|Any CPU
		Release|Any CPU = Release|Any CPU
	EndGlobalSection
	GlobalSection(ProjectConfigurationPlatforms) = postSolution
		{4345B2B9-9D7A-4D41-869B-E0531DDB5774}.Debug|Any CPU.ActiveCfg = Debug|Any CPU
		{4345B2B9-9D7A-4D41-869B-E0531DDB5774}.Debug|Any CPU.Build.0 = Debug|Any CPU
		{4345B2B9-9D7A-4D41-869B-E0531DDB5774}.Release|Any CPU.ActiveCfg = Release|Any CPU
		{4345B2B9-9D7A-4D41-869B-E0531DDB5774}.Release|Any CPU.Build.0 = Release|Any CPU
		{8E858DA5-F9EE-421F-AB46-21D839AC5169}.Debug|Any CPU.ActiveCfg = Debug|Any CPU
		{8E858DA5-F9EE-421F-AB46-21D839AC5169}.Debug|Any CPU.Build.0 = Debug|Any CPU
		{8E858DA5-F9EE-421F-AB46-21D839AC5169}.Release|Any CPU.ActiveCfg = Release|Any CPU
		{8E858DA5-F9EE-421F-AB46-21D839AC5169}.Release|Any CPU.Build.0 = Release|Any CPU
		{880C3246-9712-4204-BD2F-8A7BDA3A38FB}.Debug|Any CPU.ActiveCfg = Debug|Any CPU
		{880C3246-9712-4204-BD2F-8A7BDA3A38FB}.Debug|Any CPU.Build.0 = Debug|Any CPU
		{880C3246-9712-4204-BD2F-8A7BDA3A38FB}.Release|Any CPU.ActiveCfg = Release|Any CPU
		{880C3246-9712-4204-BD2F-8A7BDA3A38FB}.Release|Any CPU.Build.0 = Release|Any CPU
		{43A97247-A946-4A2D-AA7C-2400156C33A5}.Debug|Any CPU.ActiveCfg = Debug|Any CPU
		{43A97247-A946-4A2D-AA7C-2400156C33A5}.Debug|Any CPU.Build.0 = Debug|Any CPU
		{43A97247-A946-4A2D-AA7C-2400156C33A5}.Release|Any CPU.ActiveCfg = Release|Any CPU
		{43A97247-A946-4A2D-AA7C-2400156C33A5}.Release|Any CPU.Build.0 = Release|Any CPU
		{74922CBE-8113-457F-8DF5-CDFEE439B0FC}.Debug|Any CPU.ActiveCfg = Debug|Any CPU
		{74922CBE-8113-457F-8DF5-CDFEE439B0FC}.Debug|Any CPU.Build.0 = Debug|Any CPU
		{74922CBE-8113-457F-8DF5-CDFEE439B0FC}.Release|Any CPU.ActiveCfg = Release|Any CPU
		{74922CBE-8113-457F-8DF5-CDFEE439B0FC}.Release|Any CPU.Build.0 = Release|Any CPU
		{8D2EBCAE-CB77-455C-9096-6D79E02D461D}.Debug|Any CPU.ActiveCfg = Debug|Any CPU
		{8D2EBCAE-CB77-455C-9096-6D79E02D461D}.Debug|Any CPU.Build.0 = Debug|Any CPU
		{8D2EBCAE-CB77-455C-9096-6D79E02D461D}.Release|Any CPU.ActiveCfg = Release|Any CPU
		{8D2EBCAE-CB77-455C-9096-6D79E02D461D}.Release|Any CPU.Build.0 = Release|Any CPU
		{C9EA04AB-C201-4B05-98DA-E8C4D86511F6}.Debug|Any CPU.ActiveCfg = Debug|Any CPU
		{C9EA04AB-C201-4B05-98DA-E8C4D86511F6}.Debug|Any CPU.Build.0 = Debug|Any CPU
		{C9EA04AB-C201-4B05-98DA-E8C4D86511F6}.Release|Any CPU.ActiveCfg = Release|Any CPU
		{C9EA04AB-C201-4B05-98DA-E8C4D86511F6}.Release|Any CPU.Build.0 = Release|Any CPU
		{A39827C8-7BAF-410B-BD3B-D0C977F55BBE}.Debug|Any CPU.ActiveCfg = Debug|Any CPU
		{A39827C8-7BAF-410B-BD3B-D0C977F55BBE}.Debug|Any CPU.Build.0 = Debug|Any CPU
		{A39827C8-7BAF-410B-BD3B-D0C977F55BBE}.Release|Any CPU.ActiveCfg = Release|Any CPU
		{A39827C8-7BAF-410B-BD3B-D0C977F55BBE}.Release|Any CPU.Build.0 = Release|Any CPU
		{7577D34A-D39E-4513-9D33-A36FDFDFDB60}.Debug|Any CPU.ActiveCfg = Debug|Any CPU
		{7577D34A-D39E-4513-9D33-A36FDFDFDB60}.Debug|Any CPU.Build.0 = Debug|Any CPU
		{7577D34A-D39E-4513-9D33-A36FDFDFDB60}.Release|Any CPU.ActiveCfg = Release|Any CPU
		{7577D34A-D39E-4513-9D33-A36FDFDFDB60}.Release|Any CPU.Build.0 = Release|Any CPU
		{E83FDAA6-C8E9-4A1F-A58E-CEC963CFEA90}.Debug|Any CPU.ActiveCfg = Debug|Any CPU
		{E83FDAA6-C8E9-4A1F-A58E-CEC963CFEA90}.Debug|Any CPU.Build.0 = Debug|Any CPU
		{E83FDAA6-C8E9-4A1F-A58E-CEC963CFEA90}.Release|Any CPU.ActiveCfg = Release|Any CPU
		{E83FDAA6-C8E9-4A1F-A58E-CEC963CFEA90}.Release|Any CPU.Build.0 = Release|Any CPU
		{BC9D20C0-4E8C-4F31-8AF3-B77435D29D75}.Debug|Any CPU.ActiveCfg = Debug|Any CPU
		{BC9D20C0-4E8C-4F31-8AF3-B77435D29D75}.Debug|Any CPU.Build.0 = Debug|Any CPU
		{BC9D20C0-4E8C-4F31-8AF3-B77435D29D75}.Release|Any CPU.ActiveCfg = Release|Any CPU
		{BC9D20C0-4E8C-4F31-8AF3-B77435D29D75}.Release|Any CPU.Build.0 = Release|Any CPU
		{A0CBAE3B-F973-4720-9D43-3BB75C52EED2}.Debug|Any CPU.ActiveCfg = Debug|Any CPU
		{A0CBAE3B-F973-4720-9D43-3BB75C52EED2}.Debug|Any CPU.Build.0 = Debug|Any CPU
		{A0CBAE3B-F973-4720-9D43-3BB75C52EED2}.Release|Any CPU.ActiveCfg = Release|Any CPU
		{A0CBAE3B-F973-4720-9D43-3BB75C52EED2}.Release|Any CPU.Build.0 = Release|Any CPU
	EndGlobalSection
	GlobalSection(SolutionProperties) = preSolution
		HideSolutionNode = FALSE
	EndGlobalSection
	GlobalSection(NestedProjects) = preSolution
		{D431682A-4E02-4234-A4DE-D3C6D784FB72} = {834C6A39-05E2-45FC-8934-64944585BE20}
		{15C24673-C2D5-483E-98F3-FC427F955A3A} = {834C6A39-05E2-45FC-8934-64944585BE20}
		{4345B2B9-9D7A-4D41-869B-E0531DDB5774} = {D9C6593F-105F-4821-99FF-88C26A77CAFA}
		{8E858DA5-F9EE-421F-AB46-21D839AC5169} = {D431682A-4E02-4234-A4DE-D3C6D784FB72}
		{880C3246-9712-4204-BD2F-8A7BDA3A38FB} = {E43CF001-FCD7-4217-B791-3C75C666E91E}
		{43A97247-A946-4A2D-AA7C-2400156C33A5} = {E43CF001-FCD7-4217-B791-3C75C666E91E}
		{74922CBE-8113-457F-8DF5-CDFEE439B0FC} = {E43CF001-FCD7-4217-B791-3C75C666E91E}
		{8D2EBCAE-CB77-455C-9096-6D79E02D461D} = {D9C6593F-105F-4821-99FF-88C26A77CAFA}
		{C9EA04AB-C201-4B05-98DA-E8C4D86511F6} = {D9C6593F-105F-4821-99FF-88C26A77CAFA}
		{A39827C8-7BAF-410B-BD3B-D0C977F55BBE} = {EEC2F55C-6348-467C-9FD9-5E436D0CFE1E}
		{7577D34A-D39E-4513-9D33-A36FDFDFDB60} = {E43CF001-FCD7-4217-B791-3C75C666E91E}
		{E83FDAA6-C8E9-4A1F-A58E-CEC963CFEA90} = {D431682A-4E02-4234-A4DE-D3C6D784FB72}
		{BC9D20C0-4E8C-4F31-8AF3-B77435D29D75} = {0405B149-D608-45E4-8588-738A50189013}
		{A0CBAE3B-F973-4720-9D43-3BB75C52EED2} = {D431682A-4E02-4234-A4DE-D3C6D784FB72}
	EndGlobalSection
	GlobalSection(ExtensibilityGlobals) = postSolution
		SolutionGuid = {BCBADC76-A034-4848-A882-05789DE4F51E}
	EndGlobalSection
EndGlobal
